// !$*UTF8*$!
{
	archiveVersion = 1;
	classes = {
	};
	objectVersion = 51;
	objects = {

/* Begin PBXBuildFile section */
		D09CA87324588A150026BF8D /* AppDelegate.swift in Sources */ = {isa = PBXBuildFile; fileRef = D09CA87224588A150026BF8D /* AppDelegate.swift */; };
		D09CA87524588A150026BF8D /* SceneDelegate.swift in Sources */ = {isa = PBXBuildFile; fileRef = D09CA87424588A150026BF8D /* SceneDelegate.swift */; };
		D09CA87724588A150026BF8D /* ViewController.swift in Sources */ = {isa = PBXBuildFile; fileRef = D09CA87624588A150026BF8D /* ViewController.swift */; };
		D09CA87A24588A150026BF8D /* Main.storyboard in Resources */ = {isa = PBXBuildFile; fileRef = D09CA87824588A150026BF8D /* Main.storyboard */; };
		D09CA87C24588A170026BF8D /* Assets.xcassets in Resources */ = {isa = PBXBuildFile; fileRef = D09CA87B24588A170026BF8D /* Assets.xcassets */; };
		D09CA87F24588A170026BF8D /* LaunchScreen.storyboard in Resources */ = {isa = PBXBuildFile; fileRef = D09CA87D24588A170026BF8D /* LaunchScreen.storyboard */; };
		D09CA88824588F5C0026BF8D /* WebKit.framework in Frameworks */ = {isa = PBXBuildFile; fileRef = D09CA88724588F5C0026BF8D /* WebKit.framework */; };
		D09CA88A2458908A0026BF8D /* Glyphs.swift in Sources */ = {isa = PBXBuildFile; fileRef = D09CA8892458908A0026BF8D /* Glyphs.swift */; };
		D09CA88D2458919E0026BF8D /* Query.swift in Sources */ = {isa = PBXBuildFile; fileRef = D09CA88C2458919E0026BF8D /* Query.swift */; };
		D09CA88F245891B10026BF8D /* Active.swift in Sources */ = {isa = PBXBuildFile; fileRef = D09CA88E245891B10026BF8D /* Active.swift */; };
		D09CA8912458927F0026BF8D /* Clean.swift in Sources */ = {isa = PBXBuildFile; fileRef = D09CA8902458927F0026BF8D /* Clean.swift */; };
		D09CA8932458929E0026BF8D /* Extensions.swift in Sources */ = {isa = PBXBuildFile; fileRef = D09CA8922458929E0026BF8D /* Extensions.swift */; };
		D0DB0C3C2461C0560012B2EA /* Settings.swift in Sources */ = {isa = PBXBuildFile; fileRef = D0DB0C3B2461C0560012B2EA /* Settings.swift */; };
		D0DB0C3F2461C8720012B2EA /* NavHandler.swift in Sources */ = {isa = PBXBuildFile; fileRef = D0DB0C3E2461C8720012B2EA /* NavHandler.swift */; };
		DC6F2B8E6AA5722DE2019E7C /* Pods_WiBlaze.framework in Frameworks */ = {isa = PBXBuildFile; fileRef = FF119C1AD5EA80B14D26FBB5 /* Pods_WiBlaze.framework */; };
/* End PBXBuildFile section */

/* Begin PBXFileReference section */
		4775C7342D83CCC571D1416A /* Pods-WiBlaze.debug.xcconfig */ = {isa = PBXFileReference; includeInIndex = 1; lastKnownFileType = text.xcconfig; name = "Pods-WiBlaze.debug.xcconfig"; path = "Target Support Files/Pods-WiBlaze/Pods-WiBlaze.debug.xcconfig"; sourceTree = "<group>"; };
		C395FA0213C7F1A3F07C0291 /* Pods-WiBlaze.release.xcconfig */ = {isa = PBXFileReference; includeInIndex = 1; lastKnownFileType = text.xcconfig; name = "Pods-WiBlaze.release.xcconfig"; path = "Target Support Files/Pods-WiBlaze/Pods-WiBlaze.release.xcconfig"; sourceTree = "<group>"; };
		D09CA86F24588A150026BF8D /* WiBlaze.app */ = {isa = PBXFileReference; explicitFileType = wrapper.application; includeInIndex = 0; path = WiBlaze.app; sourceTree = BUILT_PRODUCTS_DIR; };
		D09CA87224588A150026BF8D /* AppDelegate.swift */ = {isa = PBXFileReference; lastKnownFileType = sourcecode.swift; path = AppDelegate.swift; sourceTree = "<group>"; };
		D09CA87424588A150026BF8D /* SceneDelegate.swift */ = {isa = PBXFileReference; lastKnownFileType = sourcecode.swift; path = SceneDelegate.swift; sourceTree = "<group>"; };
		D09CA87624588A150026BF8D /* ViewController.swift */ = {isa = PBXFileReference; lastKnownFileType = sourcecode.swift; path = ViewController.swift; sourceTree = "<group>"; };
		D09CA87924588A150026BF8D /* Base */ = {isa = PBXFileReference; lastKnownFileType = file.storyboard; name = Base; path = Base.lproj/Main.storyboard; sourceTree = "<group>"; };
		D09CA87B24588A170026BF8D /* Assets.xcassets */ = {isa = PBXFileReference; lastKnownFileType = folder.assetcatalog; path = Assets.xcassets; sourceTree = "<group>"; };
		D09CA87E24588A170026BF8D /* Base */ = {isa = PBXFileReference; lastKnownFileType = file.storyboard; name = Base; path = Base.lproj/LaunchScreen.storyboard; sourceTree = "<group>"; };
		D09CA88024588A170026BF8D /* Info.plist */ = {isa = PBXFileReference; lastKnownFileType = text.plist.xml; path = Info.plist; sourceTree = "<group>"; };
		D09CA88724588F5C0026BF8D /* WebKit.framework */ = {isa = PBXFileReference; lastKnownFileType = wrapper.framework; name = WebKit.framework; path = System/Library/Frameworks/WebKit.framework; sourceTree = SDKROOT; };
		D09CA8892458908A0026BF8D /* Glyphs.swift */ = {isa = PBXFileReference; lastKnownFileType = sourcecode.swift; path = Glyphs.swift; sourceTree = "<group>"; };
		D09CA88C2458919E0026BF8D /* Query.swift */ = {isa = PBXFileReference; lastKnownFileType = sourcecode.swift; path = Query.swift; sourceTree = "<group>"; };
		D09CA88E245891B10026BF8D /* Active.swift */ = {isa = PBXFileReference; lastKnownFileType = sourcecode.swift; path = Active.swift; sourceTree = "<group>"; };
		D09CA8902458927F0026BF8D /* Clean.swift */ = {isa = PBXFileReference; lastKnownFileType = sourcecode.swift; path = Clean.swift; sourceTree = "<group>"; };
		D09CA8922458929E0026BF8D /* Extensions.swift */ = {isa = PBXFileReference; lastKnownFileType = sourcecode.swift; path = Extensions.swift; sourceTree = "<group>"; };
		D0DB0C3B2461C0560012B2EA /* Settings.swift */ = {isa = PBXFileReference; lastKnownFileType = sourcecode.swift; path = Settings.swift; sourceTree = "<group>"; };
		D0DB0C3E2461C8720012B2EA /* NavHandler.swift */ = {isa = PBXFileReference; lastKnownFileType = sourcecode.swift; path = NavHandler.swift; sourceTree = "<group>"; };
		FF119C1AD5EA80B14D26FBB5 /* Pods_WiBlaze.framework */ = {isa = PBXFileReference; explicitFileType = wrapper.framework; includeInIndex = 0; path = Pods_WiBlaze.framework; sourceTree = BUILT_PRODUCTS_DIR; };
/* End PBXFileReference section */

/* Begin PBXFrameworksBuildPhase section */
		D09CA86C24588A150026BF8D /* Frameworks */ = {
			isa = PBXFrameworksBuildPhase;
			buildActionMask = 2147483647;
			files = (
				D09CA88824588F5C0026BF8D /* WebKit.framework in Frameworks */,
				DC6F2B8E6AA5722DE2019E7C /* Pods_WiBlaze.framework in Frameworks */,
			);
			runOnlyForDeploymentPostprocessing = 0;
		};
/* End PBXFrameworksBuildPhase section */

/* Begin PBXGroup section */
		D09CA86624588A150026BF8D = {
			isa = PBXGroup;
			children = (
				D09CA87124588A150026BF8D /* WiBlaze */,
				D09CA87024588A150026BF8D /* Products */,
				D09CA88624588F5C0026BF8D /* Frameworks */,
				D2A2C0AB200D7271DEE474D5 /* Pods */,
			);
			sourceTree = "<group>";
		};
		D09CA87024588A150026BF8D /* Products */ = {
			isa = PBXGroup;
			children = (
				D09CA86F24588A150026BF8D /* WiBlaze.app */,
			);
			name = Products;
			sourceTree = "<group>";
		};
		D09CA87124588A150026BF8D /* WiBlaze */ = {
			isa = PBXGroup;
			children = (
				D09CA87224588A150026BF8D /* AppDelegate.swift */,
				D09CA87424588A150026BF8D /* SceneDelegate.swift */,
				D09CA87624588A150026BF8D /* ViewController.swift */,
				D09CA894245892BF0026BF8D /* Dynamic */,
				D0DB0C3D2461C8600012B2EA /* Handlers */,
				D09CA88B245891540026BF8D /* Helpers */,
				D0DB0C3A2461C04A0012B2EA /* Settings */,
				D09CA87824588A150026BF8D /* Main.storyboard */,
				D09CA87B24588A170026BF8D /* Assets.xcassets */,
				D09CA87D24588A170026BF8D /* LaunchScreen.storyboard */,
				D09CA88024588A170026BF8D /* Info.plist */,
			);
			path = WiBlaze;
			sourceTree = "<group>";
		};
		D09CA88624588F5C0026BF8D /* Frameworks */ = {
			isa = PBXGroup;
			children = (
				D09CA88724588F5C0026BF8D /* WebKit.framework */,
				FF119C1AD5EA80B14D26FBB5 /* Pods_WiBlaze.framework */,
			);
			name = Frameworks;
			sourceTree = "<group>";
		};
		D09CA88B245891540026BF8D /* Helpers */ = {
			isa = PBXGroup;
			children = (
				D09CA8892458908A0026BF8D /* Glyphs.swift */,
				D09CA8902458927F0026BF8D /* Clean.swift */,
				D09CA8922458929E0026BF8D /* Extensions.swift */,
			);
			path = Helpers;
			sourceTree = "<group>";
		};
		D09CA894245892BF0026BF8D /* Dynamic */ = {
			isa = PBXGroup;
			children = (
				D09CA88E245891B10026BF8D /* Active.swift */,
				D09CA88C2458919E0026BF8D /* Query.swift */,
			);
			path = Dynamic;
			sourceTree = "<group>";
		};
		D0DB0C3A2461C04A0012B2EA /* Settings */ = {
			isa = PBXGroup;
			children = (
				D0DB0C3B2461C0560012B2EA /* Settings.swift */,
			);
			path = Settings;
			sourceTree = "<group>";
		};
		D0DB0C3D2461C8600012B2EA /* Handlers */ = {
			isa = PBXGroup;
			children = (
				D0DB0C3E2461C8720012B2EA /* NavHandler.swift */,
			);
			path = Handlers;
			sourceTree = "<group>";
		};
		D2A2C0AB200D7271DEE474D5 /* Pods */ = {
			isa = PBXGroup;
			children = (
				4775C7342D83CCC571D1416A /* Pods-WiBlaze.debug.xcconfig */,
				C395FA0213C7F1A3F07C0291 /* Pods-WiBlaze.release.xcconfig */,
			);
			path = Pods;
			sourceTree = "<group>";
		};
/* End PBXGroup section */

/* Begin PBXNativeTarget section */
		D09CA86E24588A150026BF8D /* WiBlaze */ = {
			isa = PBXNativeTarget;
			buildConfigurationList = D09CA88324588A170026BF8D /* Build configuration list for PBXNativeTarget "WiBlaze" */;
			buildPhases = (
				1F41630B8C35B01DCEB3E901 /* [CP] Check Pods Manifest.lock */,
				D09CA86B24588A150026BF8D /* Sources */,
				D09CA86C24588A150026BF8D /* Frameworks */,
				D09CA86D24588A150026BF8D /* Resources */,
				B2A190AD821493DF3176F610 /* [CP] Embed Pods Frameworks */,
			);
			buildRules = (
			);
			dependencies = (
			);
			name = WiBlaze;
			productName = WiBlaze;
			productReference = D09CA86F24588A150026BF8D /* WiBlaze.app */;
			productType = "com.apple.product-type.application";
		};
/* End PBXNativeTarget section */

/* Begin PBXProject section */
		D09CA86724588A150026BF8D /* Project object */ = {
			isa = PBXProject;
			attributes = {
				LastSwiftUpdateCheck = 1140;
				LastUpgradeCheck = 1140;
				ORGANIZATIONNAME = "Justin Bush";
				TargetAttributes = {
					D09CA86E24588A150026BF8D = {
						CreatedOnToolsVersion = 11.4.1;
					};
				};
			};
			buildConfigurationList = D09CA86A24588A150026BF8D /* Build configuration list for PBXProject "WiBlaze" */;
			compatibilityVersion = "Xcode 9.3";
			developmentRegion = en;
			hasScannedForEncodings = 0;
			knownRegions = (
				en,
				Base,
			);
			mainGroup = D09CA86624588A150026BF8D;
			productRefGroup = D09CA87024588A150026BF8D /* Products */;
			projectDirPath = "";
			projectRoot = "";
			targets = (
				D09CA86E24588A150026BF8D /* WiBlaze */,
			);
		};
/* End PBXProject section */

/* Begin PBXResourcesBuildPhase section */
		D09CA86D24588A150026BF8D /* Resources */ = {
			isa = PBXResourcesBuildPhase;
			buildActionMask = 2147483647;
			files = (
				D09CA87F24588A170026BF8D /* LaunchScreen.storyboard in Resources */,
				D09CA87C24588A170026BF8D /* Assets.xcassets in Resources */,
				D09CA87A24588A150026BF8D /* Main.storyboard in Resources */,
			);
			runOnlyForDeploymentPostprocessing = 0;
		};
/* End PBXResourcesBuildPhase section */

/* Begin PBXShellScriptBuildPhase section */
		1F41630B8C35B01DCEB3E901 /* [CP] Check Pods Manifest.lock */ = {
			isa = PBXShellScriptBuildPhase;
			buildActionMask = 2147483647;
			files = (
			);
			inputFileListPaths = (
			);
			inputPaths = (
				"${PODS_PODFILE_DIR_PATH}/Podfile.lock",
				"${PODS_ROOT}/Manifest.lock",
			);
			name = "[CP] Check Pods Manifest.lock";
			outputFileListPaths = (
			);
			outputPaths = (
				"$(DERIVED_FILE_DIR)/Pods-WiBlaze-checkManifestLockResult.txt",
			);
			runOnlyForDeploymentPostprocessing = 0;
			shellPath = /bin/sh;
			shellScript = "diff \"${PODS_PODFILE_DIR_PATH}/Podfile.lock\" \"${PODS_ROOT}/Manifest.lock\" > /dev/null\nif [ $? != 0 ] ; then\n    # print error to STDERR\n    echo \"error: The sandbox is not in sync with the Podfile.lock. Run 'pod install' or update your CocoaPods installation.\" >&2\n    exit 1\nfi\n# This output is used by Xcode 'outputs' to avoid re-running this script phase.\necho \"SUCCESS\" > \"${SCRIPT_OUTPUT_FILE_0}\"\n";
			showEnvVarsInLog = 0;
		};
		B2A190AD821493DF3176F610 /* [CP] Embed Pods Frameworks */ = {
			isa = PBXShellScriptBuildPhase;
			buildActionMask = 2147483647;
			files = (
			);
			inputFileListPaths = (
				"${PODS_ROOT}/Target Support Files/Pods-WiBlaze/Pods-WiBlaze-frameworks-${CONFIGURATION}-input-files.xcfilelist",
			);
			name = "[CP] Embed Pods Frameworks";
			outputFileListPaths = (
				"${PODS_ROOT}/Target Support Files/Pods-WiBlaze/Pods-WiBlaze-frameworks-${CONFIGURATION}-output-files.xcfilelist",
			);
			runOnlyForDeploymentPostprocessing = 0;
			shellPath = /bin/sh;
			shellScript = "\"${PODS_ROOT}/Target Support Files/Pods-WiBlaze/Pods-WiBlaze-frameworks.sh\"\n";
			showEnvVarsInLog = 0;
		};
/* End PBXShellScriptBuildPhase section */

/* Begin PBXSourcesBuildPhase section */
		D09CA86B24588A150026BF8D /* Sources */ = {
			isa = PBXSourcesBuildPhase;
			buildActionMask = 2147483647;
			files = (
				D0DB0C3F2461C8720012B2EA /* NavHandler.swift in Sources */,
				D09CA8912458927F0026BF8D /* Clean.swift in Sources */,
				D09CA88D2458919E0026BF8D /* Query.swift in Sources */,
				D09CA87724588A150026BF8D /* ViewController.swift in Sources */,
				D0DB0C3C2461C0560012B2EA /* Settings.swift in Sources */,
				D09CA8932458929E0026BF8D /* Extensions.swift in Sources */,
				D09CA87324588A150026BF8D /* AppDelegate.swift in Sources */,
				D09CA88A2458908A0026BF8D /* Glyphs.swift in Sources */,
				D09CA87524588A150026BF8D /* SceneDelegate.swift in Sources */,
				D09CA88F245891B10026BF8D /* Active.swift in Sources */,
			);
			runOnlyForDeploymentPostprocessing = 0;
		};
/* End PBXSourcesBuildPhase section */

/* Begin PBXVariantGroup section */
		D09CA87824588A150026BF8D /* Main.storyboard */ = {
			isa = PBXVariantGroup;
			children = (
				D09CA87924588A150026BF8D /* Base */,
			);
			name = Main.storyboard;
			sourceTree = "<group>";
		};
		D09CA87D24588A170026BF8D /* LaunchScreen.storyboard */ = {
			isa = PBXVariantGroup;
			children = (
				D09CA87E24588A170026BF8D /* Base */,
			);
			name = LaunchScreen.storyboard;
			sourceTree = "<group>";
		};
/* End PBXVariantGroup section */

/* Begin XCBuildConfiguration section */
		D09CA88124588A170026BF8D /* Debug */ = {
			isa = XCBuildConfiguration;
			buildSettings = {
				ALWAYS_SEARCH_USER_PATHS = NO;
				CLANG_ANALYZER_NONNULL = YES;
				CLANG_ANALYZER_NUMBER_OBJECT_CONVERSION = YES_AGGRESSIVE;
				CLANG_CXX_LANGUAGE_STANDARD = "gnu++14";
				CLANG_CXX_LIBRARY = "libc++";
				CLANG_ENABLE_MODULES = YES;
				CLANG_ENABLE_OBJC_ARC = YES;
				CLANG_ENABLE_OBJC_WEAK = YES;
				CLANG_WARN_BLOCK_CAPTURE_AUTORELEASING = YES;
				CLANG_WARN_BOOL_CONVERSION = YES;
				CLANG_WARN_COMMA = YES;
				CLANG_WARN_CONSTANT_CONVERSION = YES;
				CLANG_WARN_DEPRECATED_OBJC_IMPLEMENTATIONS = YES;
				CLANG_WARN_DIRECT_OBJC_ISA_USAGE = YES_ERROR;
				CLANG_WARN_DOCUMENTATION_COMMENTS = YES;
				CLANG_WARN_EMPTY_BODY = YES;
				CLANG_WARN_ENUM_CONVERSION = YES;
				CLANG_WARN_INFINITE_RECURSION = YES;
				CLANG_WARN_INT_CONVERSION = YES;
				CLANG_WARN_NON_LITERAL_NULL_CONVERSION = YES;
				CLANG_WARN_OBJC_IMPLICIT_RETAIN_SELF = YES;
				CLANG_WARN_OBJC_LITERAL_CONVERSION = YES;
				CLANG_WARN_OBJC_ROOT_CLASS = YES_ERROR;
				CLANG_WARN_RANGE_LOOP_ANALYSIS = YES;
				CLANG_WARN_STRICT_PROTOTYPES = YES;
				CLANG_WARN_SUSPICIOUS_MOVE = YES;
				CLANG_WARN_UNGUARDED_AVAILABILITY = YES_AGGRESSIVE;
				CLANG_WARN_UNREACHABLE_CODE = YES;
				CLANG_WARN__DUPLICATE_METHOD_MATCH = YES;
				COPY_PHASE_STRIP = NO;
				DEBUG_INFORMATION_FORMAT = dwarf;
				ENABLE_STRICT_OBJC_MSGSEND = YES;
				ENABLE_TESTABILITY = YES;
				GCC_C_LANGUAGE_STANDARD = gnu11;
				GCC_DYNAMIC_NO_PIC = NO;
				GCC_NO_COMMON_BLOCKS = YES;
				GCC_OPTIMIZATION_LEVEL = 0;
				GCC_PREPROCESSOR_DEFINITIONS = (
					"DEBUG=1",
					"$(inherited)",
				);
				GCC_WARN_64_TO_32_BIT_CONVERSION = YES;
				GCC_WARN_ABOUT_RETURN_TYPE = YES_ERROR;
				GCC_WARN_UNDECLARED_SELECTOR = YES;
				GCC_WARN_UNINITIALIZED_AUTOS = YES_AGGRESSIVE;
				GCC_WARN_UNUSED_FUNCTION = YES;
				GCC_WARN_UNUSED_VARIABLE = YES;
				IPHONEOS_DEPLOYMENT_TARGET = 13.0;
				MTL_ENABLE_DEBUG_INFO = INCLUDE_SOURCE;
				MTL_FAST_MATH = YES;
				ONLY_ACTIVE_ARCH = YES;
				SDKROOT = iphoneos;
				SWIFT_ACTIVE_COMPILATION_CONDITIONS = DEBUG;
				SWIFT_OPTIMIZATION_LEVEL = "-Onone";
			};
			name = Debug;
		};
		D09CA88224588A170026BF8D /* Release */ = {
			isa = XCBuildConfiguration;
			buildSettings = {
				ALWAYS_SEARCH_USER_PATHS = NO;
				CLANG_ANALYZER_NONNULL = YES;
				CLANG_ANALYZER_NUMBER_OBJECT_CONVERSION = YES_AGGRESSIVE;
				CLANG_CXX_LANGUAGE_STANDARD = "gnu++14";
				CLANG_CXX_LIBRARY = "libc++";
				CLANG_ENABLE_MODULES = YES;
				CLANG_ENABLE_OBJC_ARC = YES;
				CLANG_ENABLE_OBJC_WEAK = YES;
				CLANG_WARN_BLOCK_CAPTURE_AUTORELEASING = YES;
				CLANG_WARN_BOOL_CONVERSION = YES;
				CLANG_WARN_COMMA = YES;
				CLANG_WARN_CONSTANT_CONVERSION = YES;
				CLANG_WARN_DEPRECATED_OBJC_IMPLEMENTATIONS = YES;
				CLANG_WARN_DIRECT_OBJC_ISA_USAGE = YES_ERROR;
				CLANG_WARN_DOCUMENTATION_COMMENTS = YES;
				CLANG_WARN_EMPTY_BODY = YES;
				CLANG_WARN_ENUM_CONVERSION = YES;
				CLANG_WARN_INFINITE_RECURSION = YES;
				CLANG_WARN_INT_CONVERSION = YES;
				CLANG_WARN_NON_LITERAL_NULL_CONVERSION = YES;
				CLANG_WARN_OBJC_IMPLICIT_RETAIN_SELF = YES;
				CLANG_WARN_OBJC_LITERAL_CONVERSION = YES;
				CLANG_WARN_OBJC_ROOT_CLASS = YES_ERROR;
				CLANG_WARN_RANGE_LOOP_ANALYSIS = YES;
				CLANG_WARN_STRICT_PROTOTYPES = YES;
				CLANG_WARN_SUSPICIOUS_MOVE = YES;
				CLANG_WARN_UNGUARDED_AVAILABILITY = YES_AGGRESSIVE;
				CLANG_WARN_UNREACHABLE_CODE = YES;
				CLANG_WARN__DUPLICATE_METHOD_MATCH = YES;
				COPY_PHASE_STRIP = NO;
				DEBUG_INFORMATION_FORMAT = "dwarf-with-dsym";
				ENABLE_NS_ASSERTIONS = NO;
				ENABLE_STRICT_OBJC_MSGSEND = YES;
				GCC_C_LANGUAGE_STANDARD = gnu11;
				GCC_NO_COMMON_BLOCKS = YES;
				GCC_WARN_64_TO_32_BIT_CONVERSION = YES;
				GCC_WARN_ABOUT_RETURN_TYPE = YES_ERROR;
				GCC_WARN_UNDECLARED_SELECTOR = YES;
				GCC_WARN_UNINITIALIZED_AUTOS = YES_AGGRESSIVE;
				GCC_WARN_UNUSED_FUNCTION = YES;
				GCC_WARN_UNUSED_VARIABLE = YES;
				IPHONEOS_DEPLOYMENT_TARGET = 13.0;
				MTL_ENABLE_DEBUG_INFO = NO;
				MTL_FAST_MATH = YES;
				SDKROOT = iphoneos;
				SWIFT_COMPILATION_MODE = wholemodule;
				SWIFT_OPTIMIZATION_LEVEL = "-O";
				VALIDATE_PRODUCT = YES;
			};
			name = Release;
		};
		D09CA88424588A170026BF8D /* Debug */ = {
			isa = XCBuildConfiguration;
			baseConfigurationReference = 4775C7342D83CCC571D1416A /* Pods-WiBlaze.debug.xcconfig */;
			buildSettings = {
				ASSETCATALOG_COMPILER_APPICON_NAME = AppIcon;
				CODE_SIGN_STYLE = Automatic;
				CURRENT_PROJECT_VERSION = 5000;
				DEVELOPMENT_TEAM = 85N3S3DG8M;
				INFOPLIST_FILE = WiBlaze/Info.plist;
				LD_RUNPATH_SEARCH_PATHS = (
					"$(inherited)",
					"@executable_path/Frameworks",
				);
				MARKETING_VERSION = 5.0;
				PRODUCT_BUNDLE_IDENTIFIER = com.revblaze.WiBlaze;
				PRODUCT_NAME = "$(TARGET_NAME)";
				SWIFT_VERSION = 5.0;
				TARGETED_DEVICE_FAMILY = "1,2";
			};
			name = Debug;
		};
		D09CA88524588A170026BF8D /* Release */ = {
			isa = XCBuildConfiguration;
			baseConfigurationReference = C395FA0213C7F1A3F07C0291 /* Pods-WiBlaze.release.xcconfig */;
			buildSettings = {
				ASSETCATALOG_COMPILER_APPICON_NAME = AppIcon;
				CODE_SIGN_STYLE = Automatic;
				CURRENT_PROJECT_VERSION = 5000;
				DEVELOPMENT_TEAM = 85N3S3DG8M;
				INFOPLIST_FILE = WiBlaze/Info.plist;
				LD_RUNPATH_SEARCH_PATHS = (
					"$(inherited)",
					"@executable_path/Frameworks",
				);
				MARKETING_VERSION = 5.0;
				PRODUCT_BUNDLE_IDENTIFIER = com.revblaze.WiBlaze;
				PRODUCT_NAME = "$(TARGET_NAME)";
				SWIFT_VERSION = 5.0;
				TARGETED_DEVICE_FAMILY = "1,2";
			};
			name = Release;
		};
/* End XCBuildConfiguration section */

/* Begin XCConfigurationList section */
		D09CA86A24588A150026BF8D /* Build configuration list for PBXProject "WiBlaze" */ = {
			isa = XCConfigurationList;
			buildConfigurations = (
				D09CA88124588A170026BF8D /* Debug */,
				D09CA88224588A170026BF8D /* Release */,
			);
			defaultConfigurationIsVisible = 0;
			defaultConfigurationName = Release;
		};
		D09CA88324588A170026BF8D /* Build configuration list for PBXNativeTarget "WiBlaze" */ = {
			isa = XCConfigurationList;
			buildConfigurations = (
				D09CA88424588A170026BF8D /* Debug */,
				D09CA88524588A170026BF8D /* Release */,
			);
			defaultConfigurationIsVisible = 0;
			defaultConfigurationName = Release;
		};
/* End XCConfigurationList section */
	};
	rootObject = D09CA86724588A150026BF8D /* Project object */;
}
