{
  "object": {
    "pins": [
      {
        "package": "QuickTableViewController",
        "repositoryURL": "https://github.com/bcylin/QuickTableViewController",
        "state": {
          "branch": null,
          "revision": "f2a81206c2bac706a0c6c3c25553f41084fb5455",
          "version": "1.2.4"
        }
      }
    ]
  },
  "version": 1
}
