// !$*UTF8*$!
{
	archiveVersion = 1;
	classes = {
	};
	objectVersion = 46;
	objects = {

/* Begin PBXBuildFile section */
		4DC13D541B40526000D9F4A9 /* AppDelegate.swift in Sources */ = {isa = PBXBuildFile; fileRef = 4DC13D531B40526000D9F4A9 /* AppDelegate.swift */; };
		4DC13D561B40526000D9F4A9 /* ViewController.swift in Sources */ = {isa = PBXBuildFile; fileRef = 4DC13D551B40526000D9F4A9 /* ViewController.swift */; };
		4DC13D581B40526000D9F4A9 /* Assets.xcassets in Resources */ = {isa = PBXBuildFile; fileRef = 4DC13D571B40526000D9F4A9 /* Assets.xcassets */; };
		4DC13D5B1B40526000D9F4A9 /* Main.storyboard in Resources */ = {isa = PBXBuildFile; fileRef = 4DC13D591B40526000D9F4A9 /* Main.storyboard */; };
/* End PBXBuildFile section */

/* Begin PBXFileReference section */
		4DC13D501B40526000D9F4A9 /* WiBlaze.app */ = {isa = PBXFileReference; explicitFileType = wrapper.application; includeInIndex = 0; path = WiBlaze.app; sourceTree = BUILT_PRODUCTS_DIR; };
		4DC13D531B40526000D9F4A9 /* AppDelegate.swift */ = {isa = PBXFileReference; lastKnownFileType = sourcecode.swift; path = AppDelegate.swift; sourceTree = "<group>"; };
		4DC13D551B40526000D9F4A9 /* ViewController.swift */ = {isa = PBXFileReference; lastKnownFileType = sourcecode.swift; path = ViewController.swift; sourceTree = "<group>"; };
		4DC13D571B40526000D9F4A9 /* Assets.xcassets */ = {isa = PBXFileReference; lastKnownFileType = folder.assetcatalog; path = Assets.xcassets; sourceTree = "<group>"; };
		4DC13D5A1B40526000D9F4A9 /* Base */ = {isa = PBXFileReference; lastKnownFileType = file.storyboard; name = Base; path = Base.lproj/Main.storyboard; sourceTree = "<group>"; };
		4DC13D5C1B40526000D9F4A9 /* Info.plist */ = {isa = PBXFileReference; lastKnownFileType = text.plist.xml; path = Info.plist; sourceTree = "<group>"; };
/* End PBXFileReference section */

/* Begin PBXFrameworksBuildPhase section */
		4DC13D4D1B40526000D9F4A9 /* Frameworks */ = {
			isa = PBXFrameworksBuildPhase;
			buildActionMask = 2147483647;
			files = (
			);
			runOnlyForDeploymentPostprocessing = 0;
		};
/* End PBXFrameworksBuildPhase section */

/* Begin PBXGroup section */
		4DC13D471B40526000D9F4A9 = {
			isa = PBXGroup;
			children = (
				4DC13D521B40526000D9F4A9 /* WiBlaze */,
				4DC13D511B40526000D9F4A9 /* Products */,
			);
			sourceTree = "<group>";
		};
		4DC13D511B40526000D9F4A9 /* Products */ = {
			isa = PBXGroup;
			children = (
				4DC13D501B40526000D9F4A9 /* WiBlaze.app */,
			);
			name = Products;
			sourceTree = "<group>";
		};
		4DC13D521B40526000D9F4A9 /* WiBlaze */ = {
			isa = PBXGroup;
			children = (
				4DC13D531B40526000D9F4A9 /* AppDelegate.swift */,
				4DC13D551B40526000D9F4A9 /* ViewController.swift */,
				4DC13D571B40526000D9F4A9 /* Assets.xcassets */,
				4DC13D591B40526000D9F4A9 /* Main.storyboard */,
				4DC13D5C1B40526000D9F4A9 /* Info.plist */,
			);
			path = WiBlaze;
			sourceTree = "<group>";
		};
/* End PBXGroup section */

/* Begin PBXNativeTarget section */
		4DC13D4F1B40526000D9F4A9 /* WiBlaze */ = {
			isa = PBXNativeTarget;
			buildConfigurationList = 4DC13D5F1B40526000D9F4A9 /* Build configuration list for PBXNativeTarget "WiBlaze" */;
			buildPhases = (
				4DC13D4C1B40526000D9F4A9 /* Sources */,
				4DC13D4D1B40526000D9F4A9 /* Frameworks */,
				4DC13D4E1B40526000D9F4A9 /* Resources */,
			);
			buildRules = (
			);
			dependencies = (
			);
			name = WiBlaze;
			productName = WiBlaze;
			productReference = 4DC13D501B40526000D9F4A9 /* WiBlaze.app */;
			productType = "com.apple.product-type.application";
		};
/* End PBXNativeTarget section */

/* Begin PBXProject section */
		4DC13D481B40526000D9F4A9 /* Project object */ = {
			isa = PBXProject;
			attributes = {
				LastUpgradeCheck = 0700;
				ORGANIZATIONNAME = "Justin Bush";
				TargetAttributes = {
					4DC13D4F1B40526000D9F4A9 = {
						CreatedOnToolsVersion = 7.0;
					};
				};
			};
			buildConfigurationList = 4DC13D4B1B40526000D9F4A9 /* Build configuration list for PBXProject "WiBlaze" */;
			compatibilityVersion = "Xcode 3.2";
			developmentRegion = English;
			hasScannedForEncodings = 0;
			knownRegions = (
				en,
				Base,
			);
			mainGroup = 4DC13D471B40526000D9F4A9;
			productRefGroup = 4DC13D511B40526000D9F4A9 /* Products */;
			projectDirPath = "";
			projectRoot = "";
			targets = (
				4DC13D4F1B40526000D9F4A9 /* WiBlaze */,
			);
		};
/* End PBXProject section */

/* Begin PBXResourcesBuildPhase section */
		4DC13D4E1B40526000D9F4A9 /* Resources */ = {
			isa = PBXResourcesBuildPhase;
			buildActionMask = 2147483647;
			files = (
				4DC13D581B40526000D9F4A9 /* Assets.xcassets in Resources */,
				4DC13D5B1B40526000D9F4A9 /* Main.storyboard in Resources */,
			);
			runOnlyForDeploymentPostprocessing = 0;
		};
/* End PBXResourcesBuildPhase section */

/* Begin PBXSourcesBuildPhase section */
		4DC13D4C1B40526000D9F4A9 /* Sources */ = {
			isa = PBXSourcesBuildPhase;
			buildActionMask = 2147483647;
			files = (
				4DC13D561B40526000D9F4A9 /* ViewController.swift in Sources */,
				4DC13D541B40526000D9F4A9 /* AppDelegate.swift in Sources */,
			);
			runOnlyForDeploymentPostprocessing = 0;
		};
/* End PBXSourcesBuildPhase section */

/* Begin PBXVariantGroup section */
		4DC13D591B40526000D9F4A9 /* Main.storyboard */ = {
			isa = PBXVariantGroup;
			children = (
				4DC13D5A1B40526000D9F4A9 /* Base */,
			);
			name = Main.storyboard;
			sourceTree = "<group>";
		};
/* End PBXVariantGroup section */

/* Begin XCBuildConfiguration section */
		4DC13D5D1B40526000D9F4A9 /* Debug */ = {
			isa = XCBuildConfiguration;
			buildSettings = {
				ALWAYS_SEARCH_USER_PATHS = NO;
				CLANG_CXX_LANGUAGE_STANDARD = "gnu++0x";
				CLANG_CXX_LIBRARY = "libc++";
				CLANG_ENABLE_MODULES = YES;
				CLANG_ENABLE_OBJC_ARC = YES;
				CLANG_WARN_BOOL_CONVERSION = YES;
				CLANG_WARN_CONSTANT_CONVERSION = YES;
				CLANG_WARN_DIRECT_OBJC_ISA_USAGE = YES_ERROR;
				CLANG_WARN_EMPTY_BODY = YES;
				CLANG_WARN_ENUM_CONVERSION = YES;
				CLANG_WARN_INT_CONVERSION = YES;
				CLANG_WARN_OBJC_ROOT_CLASS = YES_ERROR;
				CLANG_WARN_UNREACHABLE_CODE = YES;
				CLANG_WARN__DUPLICATE_METHOD_MATCH = YES;
				CODE_SIGN_IDENTITY = "-";
				COPY_PHASE_STRIP = NO;
				DEBUG_INFORMATION_FORMAT = dwarf;
				ENABLE_STRICT_OBJC_MSGSEND = YES;
				ENABLE_TESTABILITY = YES;
				GCC_C_LANGUAGE_STANDARD = gnu99;
				GCC_DYNAMIC_NO_PIC = NO;
				GCC_NO_COMMON_BLOCKS = YES;
				GCC_OPTIMIZATION_LEVEL = 0;
				GCC_PREPROCESSOR_DEFINITIONS = (
					"DEBUG=1",
					"$(inherited)",
				);
				GCC_WARN_64_TO_32_BIT_CONVERSION = YES;
				GCC_WARN_ABOUT_RETURN_TYPE = YES_ERROR;
				GCC_WARN_UNDECLARED_SELECTOR = YES;
				GCC_WARN_UNINITIALIZED_AUTOS = YES_AGGRESSIVE;
				GCC_WARN_UNUSED_FUNCTION = YES;
				GCC_WARN_UNUSED_VARIABLE = YES;
				MACOSX_DEPLOYMENT_TARGET = 10.11;
				MTL_ENABLE_DEBUG_INFO = YES;
				ONLY_ACTIVE_ARCH = YES;
				SDKROOT = macosx;
				SWIFT_OPTIMIZATION_LEVEL = "-Onone";
			};
			name = Debug;
		};
		4DC13D5E1B40526000D9F4A9 /* Release */ = {
			isa = XCBuildConfiguration;
			buildSettings = {
				ALWAYS_SEARCH_USER_PATHS = NO;
				CLANG_CXX_LANGUAGE_STANDARD = "gnu++0x";
				CLANG_CXX_LIBRARY = "libc++";
				CLANG_ENABLE_MODULES = YES;
				CLANG_ENABLE_OBJC_ARC = YES;
				CLANG_WARN_BOOL_CONVERSION = YES;
				CLANG_WARN_CONSTANT_CONVERSION = YES;
				CLANG_WARN_DIRECT_OBJC_ISA_USAGE = YES_ERROR;
				CLANG_WARN_EMPTY_BODY = YES;
				CLANG_WARN_ENUM_CONVERSION = YES;
				CLANG_WARN_INT_CONVERSION = YES;
				CLANG_WARN_OBJC_ROOT_CLASS = YES_ERROR;
				CLANG_WARN_UNREACHABLE_CODE = YES;
				CLANG_WARN__DUPLICATE_METHOD_MATCH = YES;
				CODE_SIGN_IDENTITY = "-";
				COPY_PHASE_STRIP = NO;
				DEBUG_INFORMATION_FORMAT = "dwarf-with-dsym";
				ENABLE_NS_ASSERTIONS = NO;
				ENABLE_STRICT_OBJC_MSGSEND = YES;
				GCC_C_LANGUAGE_STANDARD = gnu99;
				GCC_NO_COMMON_BLOCKS = YES;
				GCC_WARN_64_TO_32_BIT_CONVERSION = YES;
				GCC_WARN_ABOUT_RETURN_TYPE = YES_ERROR;
				GCC_WARN_UNDECLARED_SELECTOR = YES;
				GCC_WARN_UNINITIALIZED_AUTOS = YES_AGGRESSIVE;
				GCC_WARN_UNUSED_FUNCTION = YES;
				GCC_WARN_UNUSED_VARIABLE = YES;
				MACOSX_DEPLOYMENT_TARGET = 10.11;
				MTL_ENABLE_DEBUG_INFO = NO;
				SDKROOT = macosx;
			};
			name = Release;
		};
		4DC13D601B40526000D9F4A9 /* Debug */ = {
			isa = XCBuildConfiguration;
			buildSettings = {
				ASSETCATALOG_COMPILER_APPICON_NAME = AppIcon;
				COMBINE_HIDPI_IMAGES = YES;
				INFOPLIST_FILE = WiBlaze/Info.plist;
				LD_RUNPATH_SEARCH_PATHS = "$(inherited) @executable_path/../Frameworks";
				PRODUCT_BUNDLE_IDENTIFIER = com.revblaze.WiBlaze;
				PRODUCT_NAME = "$(TARGET_NAME)";
			};
			name = Debug;
		};
		4DC13D611B40526000D9F4A9 /* Release */ = {
			isa = XCBuildConfiguration;
			buildSettings = {
				ASSETCATALOG_COMPILER_APPICON_NAME = AppIcon;
				COMBINE_HIDPI_IMAGES = YES;
				INFOPLIST_FILE = WiBlaze/Info.plist;
				LD_RUNPATH_SEARCH_PATHS = "$(inherited) @executable_path/../Frameworks";
				PRODUCT_BUNDLE_IDENTIFIER = com.revblaze.WiBlaze;
				PRODUCT_NAME = "$(TARGET_NAME)";
			};
			name = Release;
		};
/* End XCBuildConfiguration section */

/* Begin XCConfigurationList section */
		4DC13D4B1B40526000D9F4A9 /* Build configuration list for PBXProject "WiBlaze" */ = {
			isa = XCConfigurationList;
			buildConfigurations = (
				4DC13D5D1B40526000D9F4A9 /* Debug */,
				4DC13D5E1B40526000D9F4A9 /* Release */,
			);
			defaultConfigurationIsVisible = 0;
			defaultConfigurationName = Release;
		};
		4DC13D5F1B40526000D9F4A9 /* Build configuration list for PBXNativeTarget "WiBlaze" */ = {
			isa = XCConfigurationList;
			buildConfigurations = (
				4DC13D601B40526000D9F4A9 /* Debug */,
				4DC13D611B40526000D9F4A9 /* Release */,
			);
			defaultConfigurationIsVisible = 0;
		};
/* End XCConfigurationList section */
	};
	rootObject = 4DC13D481B40526000D9F4A9 /* Project object */;
}
